
Microsoft Visual Studio Solution File, Format Version 12.00
# Visual Studio 15
VisualStudioVersion = 15.0.28307.168
MinimumVisualStudioVersion = 10.0.40219.1
Project("{FAE04EC0-301F-11D3-BF4B-00C04F79EFBC}") = "SimpleProductConfigurator", "SimpleProductConfigurator\SimpleProductConfigurator.csproj", "{EE6AC1D2-37F9-4A5E-B17D-EB9D79EB3A82}"
EndProject
Global
	GlobalSection(SolutionConfigurationPlatforms) = preSolution
		Debug|Any CPU = Debug|Any CPU
		Release|Any CPU = Release|Any CPU
	EndGlobalSection
	GlobalSection(ProjectConfigurationPlatforms) = postSolution
		{EE6AC1D2-37F9-4A5E-B17D-EB9D79EB3A82}.Debug|Any CPU.ActiveCfg = Debug|Any CPU
		{EE6AC1D2-37F9-4A5E-B17D-EB9D79EB3A82}.Debug|Any CPU.Build.0 = Debug|Any CPU
		{EE6AC1D2-37F9-4A5E-B17D-EB9D79EB3A82}.Release|Any CPU.ActiveCfg = Release|Any CPU
		{EE6AC1D2-37F9-4A5E-B17D-EB9D79EB3A82}.Release|Any CPU.Build.0 = Release|Any CPU
	EndGlobalSection
	GlobalSection(SolutionProperties) = preSolution
		HideSolutionNode = FALSE
	EndGlobalSection
	GlobalSection(ExtensibilityGlobals) = postSolution
		SolutionGuid = {5ED47AB2-9A82-4AB4-9BD0-FEBAD1E6BA0F}
	EndGlobalSection
EndGlobal
